
Microsoft Visual Studio Solution File, Format Version 12.00
# Visual Studio Version 17
VisualStudioVersion = 17.2.32526.322
MinimumVisualStudioVersion = 10.0.40219.1
Project("{FAE04EC0-301F-11D3-BF4B-00C04F79EFBC}") = "WebApp", "WebApp.csproj", "{92FB60AB-84BA-4B7B-8C6F-B5F23AF10C5A}"
EndProject
Global
	GlobalSection(SolutionConfigurationPlatforms) = preSolution
		Debug|Any CPU = Debug|Any CPU
		Release|Any CPU = Release|Any CPU
	EndGlobalSection
	GlobalSection(ProjectConfigurationPlatforms) = postSolution
		{92FB60AB-84BA-4B7B-8C6F-B5F23AF10C5A}.Debug|Any CPU.ActiveCfg = Debug|Any CPU
		{92FB60AB-84BA-4B7B-8C6F-B5F23AF10C5A}.Debug|Any CPU.Build.0 = Debug|Any CPU
		{92FB60AB-84BA-4B7B-8C6F-B5F23AF10C5A}.Release|Any CPU.ActiveCfg = Release|Any CPU
		{92FB60AB-84BA-4B7B-8C6F-B5F23AF10C5A}.Release|Any CPU.Build.0 = Release|Any CPU
	EndGlobalSection
	GlobalSection(SolutionProperties) = preSolution
		HideSolutionNode = FALSE
	EndGlobalSection
	GlobalSection(ExtensibilityGlobals) = postSolution
		SolutionGuid = {7CD5E487-9059-485C-B8D7-DAAA197392B8}
	EndGlobalSection
EndGlobal
